
Microsoft Visual Studio Solution File, Format Version 12.00
# Visual Studio Version 16
VisualStudioVersion = 16.0.32901.82
MinimumVisualStudioVersion = 10.0.40219.1
Project("{FAE04EC0-301F-11D3-BF4B-00C04F79EFBC}") = "program7b", "program7b\program7b.csproj", "{DEFDB5B8-DAC3-4BD2-91D9-D4FDD11F267D}"
EndProject
Global
	GlobalSection(SolutionConfigurationPlatforms) = preSolution
		Debug|Any CPU = Debug|Any CPU
		Release|Any CPU = Release|Any CPU
	EndGlobalSection
	GlobalSection(ProjectConfigurationPlatforms) = postSolution
		{DEFDB5B8-DAC3-4BD2-91D9-D4FDD11F267D}.Debug|Any CPU.ActiveCfg = Debug|Any CPU
		{DEFDB5B8-DAC3-4BD2-91D9-D4FDD11F267D}.Debug|Any CPU.Build.0 = Debug|Any CPU
		{DEFDB5B8-DAC3-4BD2-91D9-D4FDD11F267D}.Release|Any CPU.ActiveCfg = Release|Any CPU
		{DEFDB5B8-DAC3-4BD2-91D9-D4FDD11F267D}.Release|Any CPU.Build.0 = Release|Any CPU
	EndGlobalSection
	GlobalSection(SolutionProperties) = preSolution
		HideSolutionNode = FALSE
	EndGlobalSection
	GlobalSection(ExtensibilityGlobals) = postSolution
		SolutionGuid = {E9032C2A-3DAE-46ED-A33C-29F3793FC553}
	EndGlobalSection
EndGlobal
