
Microsoft Visual Studio Solution File, Format Version 12.00
# Visual Studio Version 16
VisualStudioVersion = 16.0.32901.82
MinimumVisualStudioVersion = 10.0.40219.1
Project("{FAE04EC0-301F-11D3-BF4B-00C04F79EFBC}") = "program7f", "program7f\program7f.csproj", "{2D04B50D-C4FD-42F4-ABD2-B8DA1F16AB10}"
EndProject
Global
	GlobalSection(SolutionConfigurationPlatforms) = preSolution
		Debug|Any CPU = Debug|Any CPU
		Release|Any CPU = Release|Any CPU
	EndGlobalSection
	GlobalSection(ProjectConfigurationPlatforms) = postSolution
		{2D04B50D-C4FD-42F4-ABD2-B8DA1F16AB10}.Debug|Any CPU.ActiveCfg = Debug|Any CPU
		{2D04B50D-C4FD-42F4-ABD2-B8DA1F16AB10}.Debug|Any CPU.Build.0 = Debug|Any CPU
		{2D04B50D-C4FD-42F4-ABD2-B8DA1F16AB10}.Release|Any CPU.ActiveCfg = Release|Any CPU
		{2D04B50D-C4FD-42F4-ABD2-B8DA1F16AB10}.Release|Any CPU.Build.0 = Release|Any CPU
	EndGlobalSection
	GlobalSection(SolutionProperties) = preSolution
		HideSolutionNode = FALSE
	EndGlobalSection
	GlobalSection(ExtensibilityGlobals) = postSolution
		SolutionGuid = {47D17B0F-9615-4B62-BA1F-A82E64F9DDF2}
	EndGlobalSection
EndGlobal
