
Microsoft Visual Studio Solution File, Format Version 12.00
# Visual Studio Version 16
VisualStudioVersion = 16.0.32901.82
MinimumVisualStudioVersion = 10.0.40219.1
Project("{FAE04EC0-301F-11D3-BF4B-00C04F79EFBC}") = "program9c", "program9c\program9c.csproj", "{5C7B29C9-CF72-444D-9A7A-81F55A3CA3F9}"
EndProject
Global
	GlobalSection(SolutionConfigurationPlatforms) = preSolution
		Debug|Any CPU = Debug|Any CPU
		Release|Any CPU = Release|Any CPU
	EndGlobalSection
	GlobalSection(ProjectConfigurationPlatforms) = postSolution
		{5C7B29C9-CF72-444D-9A7A-81F55A3CA3F9}.Debug|Any CPU.ActiveCfg = Debug|Any CPU
		{5C7B29C9-CF72-444D-9A7A-81F55A3CA3F9}.Debug|Any CPU.Build.0 = Debug|Any CPU
		{5C7B29C9-CF72-444D-9A7A-81F55A3CA3F9}.Release|Any CPU.ActiveCfg = Release|Any CPU
		{5C7B29C9-CF72-444D-9A7A-81F55A3CA3F9}.Release|Any CPU.Build.0 = Release|Any CPU
	EndGlobalSection
	GlobalSection(SolutionProperties) = preSolution
		HideSolutionNode = FALSE
	EndGlobalSection
	GlobalSection(ExtensibilityGlobals) = postSolution
		SolutionGuid = {A785D8BF-E1B8-4787-BF12-92394BA8520C}
	EndGlobalSection
EndGlobal
